
Microsoft Visual Studio Solution File, Format Version 12.00
# Visual Studio Version 16
VisualStudioVersion = 16.0.30517.126
MinimumVisualStudioVersion = 10.0.40219.1
Project("{9A19103F-16F7-4668-BE54-9A1E7A4F7556}") = "Agora", "Agora.csproj", "{037960EF-9C90-4373-8FBF-BE5736F3EF92}"
EndProject
Global
	GlobalSection(SolutionConfigurationPlatforms) = preSolution
		Debug|Any CPU = Debug|Any CPU
		Release|Any CPU = Release|Any CPU
	EndGlobalSection
	GlobalSection(ProjectConfigurationPlatforms) = postSolution
		{037960EF-9C90-4373-8FBF-BE5736F3EF92}.Debug|Any CPU.ActiveCfg = Debug|Any CPU
		{037960EF-9C90-4373-8FBF-BE5736F3EF92}.Debug|Any CPU.Build.0 = Debug|Any CPU
		{037960EF-9C90-4373-8FBF-BE5736F3EF92}.Release|Any CPU.ActiveCfg = Release|Any CPU
		{037960EF-9C90-4373-8FBF-BE5736F3EF92}.Release|Any CPU.Build.0 = Release|Any CPU
	EndGlobalSection
	GlobalSection(SolutionProperties) = preSolution
		HideSolutionNode = FALSE
	EndGlobalSection
	GlobalSection(ExtensibilityGlobals) = postSolution
		SolutionGuid = {C4DA1EC2-7F9A-4268-94F6-0A08E53FF3A3}
	EndGlobalSection
EndGlobal
